// !$*UTF8*$!
{
	archiveVersion = 1;
	classes = {
	};
	objectVersion = 51;
	objects = {

/* Begin PBXBuildFile section */
		0AD81911CCAFD60960B0D781 /* Pods_RxComposableArchitecture.framework in Frameworks */ = {isa = PBXBuildFile; fileRef = 372017145A84B826B0E4BDE7 /* Pods_RxComposableArchitecture.framework */; };
		674DBEFA0D92CA27EAEE7A1C /* Pods_RxComposableArchitectureDemo.framework in Frameworks */ = {isa = PBXBuildFile; fileRef = D169773A08037154B49B9B8C /* Pods_RxComposableArchitectureDemo.framework */; };
		E21A5B1F213169C33223893D /* Pods_RxComposableArchitecture_RxComposableArchitectureTests.framework in Frameworks */ = {isa = PBXBuildFile; fileRef = 0237553F0021FC7628EF2887 /* Pods_RxComposableArchitecture_RxComposableArchitectureTests.framework */; };
		F3CA8A850C52E4226476FE47 /* Pods_RxComposableArchitectureDemoTests.framework in Frameworks */ = {isa = PBXBuildFile; fileRef = 39B199946C21AD9111F2D146 /* Pods_RxComposableArchitectureDemoTests.framework */; };
		F87AD8A52478053200F6A577 /* AppState.swift in Sources */ = {isa = PBXBuildFile; fileRef = F87AD8A42478053200F6A577 /* AppState.swift */; };
		F87AD8AC24781B8A00F6A577 /* ComposableArchitectureTestSupport.swift in Sources */ = {isa = PBXBuildFile; fileRef = F87AD8AB24781B8A00F6A577 /* ComposableArchitectureTestSupport.swift */; };
		F8A0EDDD2477D4B300184850 /* AppDelegate.swift in Sources */ = {isa = PBXBuildFile; fileRef = F8A0EDDC2477D4B300184850 /* AppDelegate.swift */; };
		F8A0EDE62477D4B500184850 /* Assets.xcassets in Resources */ = {isa = PBXBuildFile; fileRef = F8A0EDE52477D4B500184850 /* Assets.xcassets */; };
		F8A0EDE92477D4B500184850 /* LaunchScreen.storyboard in Resources */ = {isa = PBXBuildFile; fileRef = F8A0EDE72477D4B500184850 /* LaunchScreen.storyboard */; };
		F8A0EDF42477D4B500184850 /* RxComposableArchitectureDemoTests.swift in Sources */ = {isa = PBXBuildFile; fileRef = F8A0EDF32477D4B500184850 /* RxComposableArchitectureDemoTests.swift */; };
		F8A0EE002477D5CE00184850 /* ViewController.swift in Sources */ = {isa = PBXBuildFile; fileRef = F8A0EDFE2477D5CE00184850 /* ViewController.swift */; };
		F8A0EE012477D5CE00184850 /* ViewController.xib in Resources */ = {isa = PBXBuildFile; fileRef = F8A0EDFF2477D5CE00184850 /* ViewController.xib */; };
		F8A0EE102477D63A00184850 /* RxComposableArchitecture.framework in Frameworks */ = {isa = PBXBuildFile; fileRef = F8A0EE072477D63900184850 /* RxComposableArchitecture.framework */; };
		F8A0EE192477D63A00184850 /* RxComposableArchitecture.h in Headers */ = {isa = PBXBuildFile; fileRef = F8A0EE092477D63900184850 /* RxComposableArchitecture.h */; settings = {ATTRIBUTES = (Public, ); }; };
		F8A0EE1C2477D63A00184850 /* RxComposableArchitecture.framework in Frameworks */ = {isa = PBXBuildFile; fileRef = F8A0EE072477D63900184850 /* RxComposableArchitecture.framework */; };
		F8A0EE1D2477D63A00184850 /* RxComposableArchitecture.framework in Embed Frameworks */ = {isa = PBXBuildFile; fileRef = F8A0EE072477D63900184850 /* RxComposableArchitecture.framework */; settings = {ATTRIBUTES = (CodeSignOnCopy, RemoveHeadersOnCopy, ); }; };
		F8A0EE2B2477D7AF00184850 /* Rx+extensions.swift in Sources */ = {isa = PBXBuildFile; fileRef = F8A0EE262477D7AE00184850 /* Rx+extensions.swift */; };
		F8A0EE2C2477D7AF00184850 /* ComposableArchitecture.swift in Sources */ = {isa = PBXBuildFile; fileRef = F8A0EE282477D7AF00184850 /* ComposableArchitecture.swift */; };
		F8A0EE2D2477D7AF00184850 /* Effect.swift in Sources */ = {isa = PBXBuildFile; fileRef = F8A0EE292477D7AF00184850 /* Effect.swift */; };
		F8A0EE2E2477D7AF00184850 /* Utils.swift in Sources */ = {isa = PBXBuildFile; fileRef = F8A0EE2A2477D7AF00184850 /* Utils.swift */; };
		F8A0EE302477D98F00184850 /* RxComposableArchitecture.podspec in Resources */ = {isa = PBXBuildFile; fileRef = F8A0EE2F2477D98F00184850 /* RxComposableArchitecture.podspec */; };
/* End PBXBuildFile section */

/* Begin PBXContainerItemProxy section */
		F8A0EDF02477D4B500184850 /* PBXContainerItemProxy */ = {
			isa = PBXContainerItemProxy;
			containerPortal = F8A0EDD12477D4B300184850 /* Project object */;
			proxyType = 1;
			remoteGlobalIDString = F8A0EDD82477D4B300184850;
			remoteInfo = RxComposableArchitectureDemo;
		};
		F8A0EE112477D63A00184850 /* PBXContainerItemProxy */ = {
			isa = PBXContainerItemProxy;
			containerPortal = F8A0EDD12477D4B300184850 /* Project object */;
			proxyType = 1;
			remoteGlobalIDString = F8A0EE062477D63900184850;
			remoteInfo = RxComposableArchitecture;
		};
		F8A0EE132477D63A00184850 /* PBXContainerItemProxy */ = {
			isa = PBXContainerItemProxy;
			containerPortal = F8A0EDD12477D4B300184850 /* Project object */;
			proxyType = 1;
			remoteGlobalIDString = F8A0EDD82477D4B300184850;
			remoteInfo = RxComposableArchitectureDemo;
		};
		F8A0EE1A2477D63A00184850 /* PBXContainerItemProxy */ = {
			isa = PBXContainerItemProxy;
			containerPortal = F8A0EDD12477D4B300184850 /* Project object */;
			proxyType = 1;
			remoteGlobalIDString = F8A0EE062477D63900184850;
			remoteInfo = RxComposableArchitecture;
		};
/* End PBXContainerItemProxy section */

/* Begin PBXCopyFilesBuildPhase section */
		F8A0EE212477D63A00184850 /* Embed Frameworks */ = {
			isa = PBXCopyFilesBuildPhase;
			buildActionMask = 2147483647;
			dstPath = "";
			dstSubfolderSpec = 10;
			files = (
				F8A0EE1D2477D63A00184850 /* RxComposableArchitecture.framework in Embed Frameworks */,
			);
			name = "Embed Frameworks";
			runOnlyForDeploymentPostprocessing = 0;
		};
/* End PBXCopyFilesBuildPhase section */

/* Begin PBXFileReference section */
		0237553F0021FC7628EF2887 /* Pods_RxComposableArchitecture_RxComposableArchitectureTests.framework */ = {isa = PBXFileReference; explicitFileType = wrapper.framework; includeInIndex = 0; path = Pods_RxComposableArchitecture_RxComposableArchitectureTests.framework; sourceTree = BUILT_PRODUCTS_DIR; };
		14D9536BB7D10BEB15383AA6 /* Pods-RxComposableArchitecture.debug.xcconfig */ = {isa = PBXFileReference; includeInIndex = 1; lastKnownFileType = text.xcconfig; name = "Pods-RxComposableArchitecture.debug.xcconfig"; path = "Target Support Files/Pods-RxComposableArchitecture/Pods-RxComposableArchitecture.debug.xcconfig"; sourceTree = "<group>"; };
		372017145A84B826B0E4BDE7 /* Pods_RxComposableArchitecture.framework */ = {isa = PBXFileReference; explicitFileType = wrapper.framework; includeInIndex = 0; path = Pods_RxComposableArchitecture.framework; sourceTree = BUILT_PRODUCTS_DIR; };
		39B199946C21AD9111F2D146 /* Pods_RxComposableArchitectureDemoTests.framework */ = {isa = PBXFileReference; explicitFileType = wrapper.framework; includeInIndex = 0; path = Pods_RxComposableArchitectureDemoTests.framework; sourceTree = BUILT_PRODUCTS_DIR; };
		3CB12965A88793855F869689 /* Pods-RxComposableArchitectureDemo.release.xcconfig */ = {isa = PBXFileReference; includeInIndex = 1; lastKnownFileType = text.xcconfig; name = "Pods-RxComposableArchitectureDemo.release.xcconfig"; path = "Target Support Files/Pods-RxComposableArchitectureDemo/Pods-RxComposableArchitectureDemo.release.xcconfig"; sourceTree = "<group>"; };
		463A67E2E1E66C5A5F6D34EB /* Pods-RxComposableArchitecture-RxComposableArchitectureTests.release.xcconfig */ = {isa = PBXFileReference; includeInIndex = 1; lastKnownFileType = text.xcconfig; name = "Pods-RxComposableArchitecture-RxComposableArchitectureTests.release.xcconfig"; path = "Target Support Files/Pods-RxComposableArchitecture-RxComposableArchitectureTests/Pods-RxComposableArchitecture-RxComposableArchitectureTests.release.xcconfig"; sourceTree = "<group>"; };
		65444E6ADE613199674A6794 /* Pods-RxComposableArchitectureDemo.debug.xcconfig */ = {isa = PBXFileReference; includeInIndex = 1; lastKnownFileType = text.xcconfig; name = "Pods-RxComposableArchitectureDemo.debug.xcconfig"; path = "Target Support Files/Pods-RxComposableArchitectureDemo/Pods-RxComposableArchitectureDemo.debug.xcconfig"; sourceTree = "<group>"; };
		8100B4794C3A0FE8D06C82EF /* Pods-RxComposableArchitecture.release.xcconfig */ = {isa = PBXFileReference; includeInIndex = 1; lastKnownFileType = text.xcconfig; name = "Pods-RxComposableArchitecture.release.xcconfig"; path = "Target Support Files/Pods-RxComposableArchitecture/Pods-RxComposableArchitecture.release.xcconfig"; sourceTree = "<group>"; };
		878FB3E489F6A1A04035D2B0 /* Pods-RxComposableArchitecture-RxComposableArchitectureTests.debug.xcconfig */ = {isa = PBXFileReference; includeInIndex = 1; lastKnownFileType = text.xcconfig; name = "Pods-RxComposableArchitecture-RxComposableArchitectureTests.debug.xcconfig"; path = "Target Support Files/Pods-RxComposableArchitecture-RxComposableArchitectureTests/Pods-RxComposableArchitecture-RxComposableArchitectureTests.debug.xcconfig"; sourceTree = "<group>"; };
		C6A76C4F23A19540EAB3FD80 /* Pods-RxComposableArchitectureDemoTests.release.xcconfig */ = {isa = PBXFileReference; includeInIndex = 1; lastKnownFileType = text.xcconfig; name = "Pods-RxComposableArchitectureDemoTests.release.xcconfig"; path = "Target Support Files/Pods-RxComposableArchitectureDemoTests/Pods-RxComposableArchitectureDemoTests.release.xcconfig"; sourceTree = "<group>"; };
		D169773A08037154B49B9B8C /* Pods_RxComposableArchitectureDemo.framework */ = {isa = PBXFileReference; explicitFileType = wrapper.framework; includeInIndex = 0; path = Pods_RxComposableArchitectureDemo.framework; sourceTree = BUILT_PRODUCTS_DIR; };
		F28DB273800881F05302E173 /* Pods-RxComposableArchitectureDemoTests.debug.xcconfig */ = {isa = PBXFileReference; includeInIndex = 1; lastKnownFileType = text.xcconfig; name = "Pods-RxComposableArchitectureDemoTests.debug.xcconfig"; path = "Target Support Files/Pods-RxComposableArchitectureDemoTests/Pods-RxComposableArchitectureDemoTests.debug.xcconfig"; sourceTree = "<group>"; };
		F87AD8A42478053200F6A577 /* AppState.swift */ = {isa = PBXFileReference; lastKnownFileType = sourcecode.swift; path = AppState.swift; sourceTree = "<group>"; };
		F87AD8AB24781B8A00F6A577 /* ComposableArchitectureTestSupport.swift */ = {isa = PBXFileReference; fileEncoding = 4; lastKnownFileType = sourcecode.swift; path = ComposableArchitectureTestSupport.swift; sourceTree = "<group>"; };
		F8A0EDD92477D4B300184850 /* RxComposableArchitectureDemo.app */ = {isa = PBXFileReference; explicitFileType = wrapper.application; includeInIndex = 0; path = RxComposableArchitectureDemo.app; sourceTree = BUILT_PRODUCTS_DIR; };
		F8A0EDDC2477D4B300184850 /* AppDelegate.swift */ = {isa = PBXFileReference; lastKnownFileType = sourcecode.swift; path = AppDelegate.swift; sourceTree = "<group>"; };
		F8A0EDE52477D4B500184850 /* Assets.xcassets */ = {isa = PBXFileReference; lastKnownFileType = folder.assetcatalog; path = Assets.xcassets; sourceTree = "<group>"; };
		F8A0EDE82477D4B500184850 /* Base */ = {isa = PBXFileReference; lastKnownFileType = file.storyboard; name = Base; path = Base.lproj/LaunchScreen.storyboard; sourceTree = "<group>"; };
		F8A0EDEA2477D4B500184850 /* Info.plist */ = {isa = PBXFileReference; lastKnownFileType = text.plist.xml; path = Info.plist; sourceTree = "<group>"; };
		F8A0EDEF2477D4B500184850 /* RxComposableArchitectureDemoTests.xctest */ = {isa = PBXFileReference; explicitFileType = wrapper.cfbundle; includeInIndex = 0; path = RxComposableArchitectureDemoTests.xctest; sourceTree = BUILT_PRODUCTS_DIR; };
		F8A0EDF32477D4B500184850 /* RxComposableArchitectureDemoTests.swift */ = {isa = PBXFileReference; lastKnownFileType = sourcecode.swift; path = RxComposableArchitectureDemoTests.swift; sourceTree = "<group>"; };
		F8A0EDF52477D4B500184850 /* Info.plist */ = {isa = PBXFileReference; lastKnownFileType = text.plist.xml; path = Info.plist; sourceTree = "<group>"; };
		F8A0EDFE2477D5CE00184850 /* ViewController.swift */ = {isa = PBXFileReference; lastKnownFileType = sourcecode.swift; path = ViewController.swift; sourceTree = "<group>"; };
		F8A0EDFF2477D5CE00184850 /* ViewController.xib */ = {isa = PBXFileReference; lastKnownFileType = file.xib; path = ViewController.xib; sourceTree = "<group>"; };
		F8A0EE072477D63900184850 /* RxComposableArchitecture.framework */ = {isa = PBXFileReference; explicitFileType = wrapper.framework; includeInIndex = 0; path = RxComposableArchitecture.framework; sourceTree = BUILT_PRODUCTS_DIR; };
		F8A0EE092477D63900184850 /* RxComposableArchitecture.h */ = {isa = PBXFileReference; lastKnownFileType = sourcecode.c.h; path = RxComposableArchitecture.h; sourceTree = "<group>"; };
		F8A0EE0A2477D63900184850 /* Info.plist */ = {isa = PBXFileReference; lastKnownFileType = text.plist.xml; path = Info.plist; sourceTree = "<group>"; };
		F8A0EE0F2477D63A00184850 /* RxComposableArchitectureTests.xctest */ = {isa = PBXFileReference; explicitFileType = wrapper.cfbundle; includeInIndex = 0; path = RxComposableArchitectureTests.xctest; sourceTree = BUILT_PRODUCTS_DIR; };
		F8A0EE182477D63A00184850 /* Info.plist */ = {isa = PBXFileReference; lastKnownFileType = text.plist.xml; path = Info.plist; sourceTree = "<group>"; };
		F8A0EE262477D7AE00184850 /* Rx+extensions.swift */ = {isa = PBXFileReference; fileEncoding = 4; lastKnownFileType = sourcecode.swift; path = "Rx+extensions.swift"; sourceTree = "<group>"; };
		F8A0EE282477D7AF00184850 /* ComposableArchitecture.swift */ = {isa = PBXFileReference; fileEncoding = 4; lastKnownFileType = sourcecode.swift; path = ComposableArchitecture.swift; sourceTree = "<group>"; };
		F8A0EE292477D7AF00184850 /* Effect.swift */ = {isa = PBXFileReference; fileEncoding = 4; lastKnownFileType = sourcecode.swift; path = Effect.swift; sourceTree = "<group>"; };
		F8A0EE2A2477D7AF00184850 /* Utils.swift */ = {isa = PBXFileReference; fileEncoding = 4; lastKnownFileType = sourcecode.swift; path = Utils.swift; sourceTree = "<group>"; };
		F8A0EE2F2477D98F00184850 /* RxComposableArchitecture.podspec */ = {isa = PBXFileReference; fileEncoding = 4; lastKnownFileType = text; path = RxComposableArchitecture.podspec; sourceTree = "<group>"; };
/* End PBXFileReference section */

/* Begin PBXFrameworksBuildPhase section */
		F8A0EDD62477D4B300184850 /* Frameworks */ = {
			isa = PBXFrameworksBuildPhase;
			buildActionMask = 2147483647;
			files = (
				F8A0EE1C2477D63A00184850 /* RxComposableArchitecture.framework in Frameworks */,
				674DBEFA0D92CA27EAEE7A1C /* Pods_RxComposableArchitectureDemo.framework in Frameworks */,
			);
			runOnlyForDeploymentPostprocessing = 0;
		};
		F8A0EDEC2477D4B500184850 /* Frameworks */ = {
			isa = PBXFrameworksBuildPhase;
			buildActionMask = 2147483647;
			files = (
				F3CA8A850C52E4226476FE47 /* Pods_RxComposableArchitectureDemoTests.framework in Frameworks */,
			);
			runOnlyForDeploymentPostprocessing = 0;
		};
		F8A0EE042477D63900184850 /* Frameworks */ = {
			isa = PBXFrameworksBuildPhase;
			buildActionMask = 2147483647;
			files = (
				0AD81911CCAFD60960B0D781 /* Pods_RxComposableArchitecture.framework in Frameworks */,
			);
			runOnlyForDeploymentPostprocessing = 0;
		};
		F8A0EE0C2477D63A00184850 /* Frameworks */ = {
			isa = PBXFrameworksBuildPhase;
			buildActionMask = 2147483647;
			files = (
				F8A0EE102477D63A00184850 /* RxComposableArchitecture.framework in Frameworks */,
				E21A5B1F213169C33223893D /* Pods_RxComposableArchitecture_RxComposableArchitectureTests.framework in Frameworks */,
			);
			runOnlyForDeploymentPostprocessing = 0;
		};
/* End PBXFrameworksBuildPhase section */

/* Begin PBXGroup section */
		27220A83D259A8153DC8733C /* Frameworks */ = {
			isa = PBXGroup;
			children = (
				D169773A08037154B49B9B8C /* Pods_RxComposableArchitectureDemo.framework */,
				39B199946C21AD9111F2D146 /* Pods_RxComposableArchitectureDemoTests.framework */,
				372017145A84B826B0E4BDE7 /* Pods_RxComposableArchitecture.framework */,
				0237553F0021FC7628EF2887 /* Pods_RxComposableArchitecture_RxComposableArchitectureTests.framework */,
			);
			name = Frameworks;
			sourceTree = "<group>";
		};
		B11EB5CD3A35AF8E194EF56A /* Pods */ = {
			isa = PBXGroup;
			children = (
				65444E6ADE613199674A6794 /* Pods-RxComposableArchitectureDemo.debug.xcconfig */,
				3CB12965A88793855F869689 /* Pods-RxComposableArchitectureDemo.release.xcconfig */,
				F28DB273800881F05302E173 /* Pods-RxComposableArchitectureDemoTests.debug.xcconfig */,
				C6A76C4F23A19540EAB3FD80 /* Pods-RxComposableArchitectureDemoTests.release.xcconfig */,
				14D9536BB7D10BEB15383AA6 /* Pods-RxComposableArchitecture.debug.xcconfig */,
				8100B4794C3A0FE8D06C82EF /* Pods-RxComposableArchitecture.release.xcconfig */,
				878FB3E489F6A1A04035D2B0 /* Pods-RxComposableArchitecture-RxComposableArchitectureTests.debug.xcconfig */,
				463A67E2E1E66C5A5F6D34EB /* Pods-RxComposableArchitecture-RxComposableArchitectureTests.release.xcconfig */,
			);
			path = Pods;
			sourceTree = "<group>";
		};
		F87AD8A32478052000F6A577 /* Application */ = {
			isa = PBXGroup;
			children = (
				F87AD8A42478053200F6A577 /* AppState.swift */,
			);
			path = Application;
			sourceTree = "<group>";
		};
		F87AD8AA24781B8A00F6A577 /* Ergonomics+Tests */ = {
			isa = PBXGroup;
			children = (
				F87AD8AB24781B8A00F6A577 /* ComposableArchitectureTestSupport.swift */,
			);
			path = "Ergonomics+Tests";
			sourceTree = "<group>";
		};
		F8A0EDD02477D4B300184850 = {
			isa = PBXGroup;
			children = (
				F8A0EE2F2477D98F00184850 /* RxComposableArchitecture.podspec */,
				F8A0EDDB2477D4B300184850 /* RxComposableArchitectureDemo */,
				F8A0EDF22477D4B500184850 /* RxComposableArchitectureDemoTests */,
				F8A0EE082477D63900184850 /* RxComposableArchitecture */,
				F8A0EE152477D63A00184850 /* RxComposableArchitectureTests */,
				F8A0EDDA2477D4B300184850 /* Products */,
				B11EB5CD3A35AF8E194EF56A /* Pods */,
				27220A83D259A8153DC8733C /* Frameworks */,
			);
			sourceTree = "<group>";
		};
		F8A0EDDA2477D4B300184850 /* Products */ = {
			isa = PBXGroup;
			children = (
				F8A0EDD92477D4B300184850 /* RxComposableArchitectureDemo.app */,
				F8A0EDEF2477D4B500184850 /* RxComposableArchitectureDemoTests.xctest */,
				F8A0EE072477D63900184850 /* RxComposableArchitecture.framework */,
				F8A0EE0F2477D63A00184850 /* RxComposableArchitectureTests.xctest */,
			);
			name = Products;
			sourceTree = "<group>";
		};
		F8A0EDDB2477D4B300184850 /* RxComposableArchitectureDemo */ = {
			isa = PBXGroup;
			children = (
				F87AD8A32478052000F6A577 /* Application */,
				F8A0EDDC2477D4B300184850 /* AppDelegate.swift */,
				F8A0EDE52477D4B500184850 /* Assets.xcassets */,
				F8A0EDE72477D4B500184850 /* LaunchScreen.storyboard */,
				F8A0EDEA2477D4B500184850 /* Info.plist */,
				F8A0EDFE2477D5CE00184850 /* ViewController.swift */,
				F8A0EDFF2477D5CE00184850 /* ViewController.xib */,
			);
			path = RxComposableArchitectureDemo;
			sourceTree = "<group>";
		};
		F8A0EDF22477D4B500184850 /* RxComposableArchitectureDemoTests */ = {
			isa = PBXGroup;
			children = (
				F8A0EDF32477D4B500184850 /* RxComposableArchitectureDemoTests.swift */,
				F8A0EDF52477D4B500184850 /* Info.plist */,
			);
			path = RxComposableArchitectureDemoTests;
			sourceTree = "<group>";
		};
		F8A0EE082477D63900184850 /* RxComposableArchitecture */ = {
			isa = PBXGroup;
			children = (
				F8A0EE272477D7AF00184850 /* ComposableArchitecture */,
				F8A0EE252477D7AE00184850 /* Utilities */,
				F8A0EE092477D63900184850 /* RxComposableArchitecture.h */,
				F8A0EE0A2477D63900184850 /* Info.plist */,
			);
			path = RxComposableArchitecture;
			sourceTree = "<group>";
		};
		F8A0EE152477D63A00184850 /* RxComposableArchitectureTests */ = {
			isa = PBXGroup;
			children = (
				F87AD8AA24781B8A00F6A577 /* Ergonomics+Tests */,
				F8A0EE182477D63A00184850 /* Info.plist */,
			);
			path = RxComposableArchitectureTests;
			sourceTree = "<group>";
		};
		F8A0EE252477D7AE00184850 /* Utilities */ = {
			isa = PBXGroup;
			children = (
				F8A0EE262477D7AE00184850 /* Rx+extensions.swift */,
			);
			path = Utilities;
			sourceTree = "<group>";
		};
		F8A0EE272477D7AF00184850 /* ComposableArchitecture */ = {
			isa = PBXGroup;
			children = (
				F8A0EE282477D7AF00184850 /* ComposableArchitecture.swift */,
				F8A0EE292477D7AF00184850 /* Effect.swift */,
				F8A0EE2A2477D7AF00184850 /* Utils.swift */,
			);
			path = ComposableArchitecture;
			sourceTree = "<group>";
		};
/* End PBXGroup section */

/* Begin PBXHeadersBuildPhase section */
		F8A0EE022477D63900184850 /* Headers */ = {
			isa = PBXHeadersBuildPhase;
			buildActionMask = 2147483647;
			files = (
				F8A0EE192477D63A00184850 /* RxComposableArchitecture.h in Headers */,
			);
			runOnlyForDeploymentPostprocessing = 0;
		};
/* End PBXHeadersBuildPhase section */

/* Begin PBXNativeTarget section */
		F8A0EDD82477D4B300184850 /* RxComposableArchitectureDemo */ = {
			isa = PBXNativeTarget;
			buildConfigurationList = F8A0EDF82477D4B500184850 /* Build configuration list for PBXNativeTarget "RxComposableArchitectureDemo" */;
			buildPhases = (
				9CFCD5CB2A2C2EF682F9AF13 /* [CP] Check Pods Manifest.lock */,
				F8A0EDD52477D4B300184850 /* Sources */,
				F8A0EDD62477D4B300184850 /* Frameworks */,
				F8A0EDD72477D4B300184850 /* Resources */,
				2D636D56B882081AE6942575 /* [CP] Embed Pods Frameworks */,
				F8A0EE212477D63A00184850 /* Embed Frameworks */,
			);
			buildRules = (
			);
			dependencies = (
				F8A0EE1B2477D63A00184850 /* PBXTargetDependency */,
			);
			name = RxComposableArchitectureDemo;
			productName = RxComposableArchitectureDemo;
			productReference = F8A0EDD92477D4B300184850 /* RxComposableArchitectureDemo.app */;
			productType = "com.apple.product-type.application";
		};
		F8A0EDEE2477D4B500184850 /* RxComposableArchitectureDemoTests */ = {
			isa = PBXNativeTarget;
			buildConfigurationList = F8A0EDFB2477D4B500184850 /* Build configuration list for PBXNativeTarget "RxComposableArchitectureDemoTests" */;
			buildPhases = (
				B19C95CC66BA701B3B0705EA /* [CP] Check Pods Manifest.lock */,
				F8A0EDEB2477D4B500184850 /* Sources */,
				F8A0EDEC2477D4B500184850 /* Frameworks */,
				F8A0EDED2477D4B500184850 /* Resources */,
			);
			buildRules = (
			);
			dependencies = (
				F8A0EDF12477D4B500184850 /* PBXTargetDependency */,
			);
			name = RxComposableArchitectureDemoTests;
			productName = RxComposableArchitectureDemoTests;
			productReference = F8A0EDEF2477D4B500184850 /* RxComposableArchitectureDemoTests.xctest */;
			productType = "com.apple.product-type.bundle.unit-test";
		};
		F8A0EE062477D63900184850 /* RxComposableArchitecture */ = {
			isa = PBXNativeTarget;
			buildConfigurationList = F8A0EE1E2477D63A00184850 /* Build configuration list for PBXNativeTarget "RxComposableArchitecture" */;
			buildPhases = (
				2931D371D032336117B87F99 /* [CP] Check Pods Manifest.lock */,
				F8A0EE022477D63900184850 /* Headers */,
				F8A0EE032477D63900184850 /* Sources */,
				F8A0EE042477D63900184850 /* Frameworks */,
				F8A0EE052477D63900184850 /* Resources */,
			);
			buildRules = (
			);
			dependencies = (
			);
			name = RxComposableArchitecture;
			productName = RxComposableArchitecture;
			productReference = F8A0EE072477D63900184850 /* RxComposableArchitecture.framework */;
			productType = "com.apple.product-type.framework";
		};
		F8A0EE0E2477D63A00184850 /* RxComposableArchitectureTests */ = {
			isa = PBXNativeTarget;
			buildConfigurationList = F8A0EE222477D63A00184850 /* Build configuration list for PBXNativeTarget "RxComposableArchitectureTests" */;
			buildPhases = (
				77B68A5334197C8CA8108AE6 /* [CP] Check Pods Manifest.lock */,
				F8A0EE0B2477D63A00184850 /* Sources */,
				F8A0EE0C2477D63A00184850 /* Frameworks */,
				F8A0EE0D2477D63A00184850 /* Resources */,
				39A75FABF57CE58D4AD2AF46 /* [CP] Embed Pods Frameworks */,
			);
			buildRules = (
			);
			dependencies = (
				F8A0EE122477D63A00184850 /* PBXTargetDependency */,
				F8A0EE142477D63A00184850 /* PBXTargetDependency */,
			);
			name = RxComposableArchitectureTests;
			productName = RxComposableArchitectureTests;
			productReference = F8A0EE0F2477D63A00184850 /* RxComposableArchitectureTests.xctest */;
			productType = "com.apple.product-type.bundle.unit-test";
		};
/* End PBXNativeTarget section */

/* Begin PBXProject section */
		F8A0EDD12477D4B300184850 /* Project object */ = {
			isa = PBXProject;
			attributes = {
				LastSwiftUpdateCheck = 1130;
				LastUpgradeCheck = 1130;
				ORGANIZATIONNAME = "Jean Raphael Bordet";
				TargetAttributes = {
					F8A0EDD82477D4B300184850 = {
						CreatedOnToolsVersion = 11.3;
					};
					F8A0EDEE2477D4B500184850 = {
						CreatedOnToolsVersion = 11.3;
						TestTargetID = F8A0EDD82477D4B300184850;
					};
					F8A0EE062477D63900184850 = {
						CreatedOnToolsVersion = 11.3;
					};
					F8A0EE0E2477D63A00184850 = {
						CreatedOnToolsVersion = 11.3;
						TestTargetID = F8A0EDD82477D4B300184850;
					};
				};
			};
			buildConfigurationList = F8A0EDD42477D4B300184850 /* Build configuration list for PBXProject "RxComposableArchitectureDemo" */;
			compatibilityVersion = "Xcode 9.3";
			developmentRegion = en;
			hasScannedForEncodings = 0;
			knownRegions = (
				en,
				Base,
			);
			mainGroup = F8A0EDD02477D4B300184850;
			productRefGroup = F8A0EDDA2477D4B300184850 /* Products */;
			projectDirPath = "";
			projectRoot = "";
			targets = (
				F8A0EDD82477D4B300184850 /* RxComposableArchitectureDemo */,
				F8A0EDEE2477D4B500184850 /* RxComposableArchitectureDemoTests */,
				F8A0EE062477D63900184850 /* RxComposableArchitecture */,
				F8A0EE0E2477D63A00184850 /* RxComposableArchitectureTests */,
			);
		};
/* End PBXProject section */

/* Begin PBXResourcesBuildPhase section */
		F8A0EDD72477D4B300184850 /* Resources */ = {
			isa = PBXResourcesBuildPhase;
			buildActionMask = 2147483647;
			files = (
				F8A0EE302477D98F00184850 /* RxComposableArchitecture.podspec in Resources */,
				F8A0EDE92477D4B500184850 /* LaunchScreen.storyboard in Resources */,
				F8A0EE012477D5CE00184850 /* ViewController.xib in Resources */,
				F8A0EDE62477D4B500184850 /* Assets.xcassets in Resources */,
			);
			runOnlyForDeploymentPostprocessing = 0;
		};
		F8A0EDED2477D4B500184850 /* Resources */ = {
			isa = PBXResourcesBuildPhase;
			buildActionMask = 2147483647;
			files = (
			);
			runOnlyForDeploymentPostprocessing = 0;
		};
		F8A0EE052477D63900184850 /* Resources */ = {
			isa = PBXResourcesBuildPhase;
			buildActionMask = 2147483647;
			files = (
			);
			runOnlyForDeploymentPostprocessing = 0;
		};
		F8A0EE0D2477D63A00184850 /* Resources */ = {
			isa = PBXResourcesBuildPhase;
			buildActionMask = 2147483647;
			files = (
			);
			runOnlyForDeploymentPostprocessing = 0;
		};
/* End PBXResourcesBuildPhase section */

/* Begin PBXShellScriptBuildPhase section */
		2931D371D032336117B87F99 /* [CP] Check Pods Manifest.lock */ = {
			isa = PBXShellScriptBuildPhase;
			buildActionMask = 2147483647;
			files = (
			);
			inputFileListPaths = (
			);
			inputPaths = (
				"${PODS_PODFILE_DIR_PATH}/Podfile.lock",
				"${PODS_ROOT}/Manifest.lock",
			);
			name = "[CP] Check Pods Manifest.lock";
			outputFileListPaths = (
			);
			outputPaths = (
				"$(DERIVED_FILE_DIR)/Pods-RxComposableArchitecture-checkManifestLockResult.txt",
			);
			runOnlyForDeploymentPostprocessing = 0;
			shellPath = /bin/sh;
			shellScript = "diff \"${PODS_PODFILE_DIR_PATH}/Podfile.lock\" \"${PODS_ROOT}/Manifest.lock\" > /dev/null\nif [ $? != 0 ] ; then\n    # print error to STDERR\n    echo \"error: The sandbox is not in sync with the Podfile.lock. Run 'pod install' or update your CocoaPods installation.\" >&2\n    exit 1\nfi\n# This output is used by Xcode 'outputs' to avoid re-running this script phase.\necho \"SUCCESS\" > \"${SCRIPT_OUTPUT_FILE_0}\"\n";
			showEnvVarsInLog = 0;
		};
		2D636D56B882081AE6942575 /* [CP] Embed Pods Frameworks */ = {
			isa = PBXShellScriptBuildPhase;
			buildActionMask = 2147483647;
			files = (
			);
			inputFileListPaths = (
				"${PODS_ROOT}/Target Support Files/Pods-RxComposableArchitectureDemo/Pods-RxComposableArchitectureDemo-frameworks-${CONFIGURATION}-input-files.xcfilelist",
			);
			name = "[CP] Embed Pods Frameworks";
			outputFileListPaths = (
				"${PODS_ROOT}/Target Support Files/Pods-RxComposableArchitectureDemo/Pods-RxComposableArchitectureDemo-frameworks-${CONFIGURATION}-output-files.xcfilelist",
			);
			runOnlyForDeploymentPostprocessing = 0;
			shellPath = /bin/sh;
			shellScript = "\"${PODS_ROOT}/Target Support Files/Pods-RxComposableArchitectureDemo/Pods-RxComposableArchitectureDemo-frameworks.sh\"\n";
			showEnvVarsInLog = 0;
		};
		39A75FABF57CE58D4AD2AF46 /* [CP] Embed Pods Frameworks */ = {
			isa = PBXShellScriptBuildPhase;
			buildActionMask = 2147483647;
			files = (
			);
			inputFileListPaths = (
				"${PODS_ROOT}/Target Support Files/Pods-RxComposableArchitecture-RxComposableArchitectureTests/Pods-RxComposableArchitecture-RxComposableArchitectureTests-frameworks-${CONFIGURATION}-input-files.xcfilelist",
			);
			name = "[CP] Embed Pods Frameworks";
			outputFileListPaths = (
				"${PODS_ROOT}/Target Support Files/Pods-RxComposableArchitecture-RxComposableArchitectureTests/Pods-RxComposableArchitecture-RxComposableArchitectureTests-frameworks-${CONFIGURATION}-output-files.xcfilelist",
			);
			runOnlyForDeploymentPostprocessing = 0;
			shellPath = /bin/sh;
			shellScript = "\"${PODS_ROOT}/Target Support Files/Pods-RxComposableArchitecture-RxComposableArchitectureTests/Pods-RxComposableArchitecture-RxComposableArchitectureTests-frameworks.sh\"\n";
			showEnvVarsInLog = 0;
		};
		77B68A5334197C8CA8108AE6 /* [CP] Check Pods Manifest.lock */ = {
			isa = PBXShellScriptBuildPhase;
			buildActionMask = 2147483647;
			files = (
			);
			inputFileListPaths = (
			);
			inputPaths = (
				"${PODS_PODFILE_DIR_PATH}/Podfile.lock",
				"${PODS_ROOT}/Manifest.lock",
			);
			name = "[CP] Check Pods Manifest.lock";
			outputFileListPaths = (
			);
			outputPaths = (
				"$(DERIVED_FILE_DIR)/Pods-RxComposableArchitecture-RxComposableArchitectureTests-checkManifestLockResult.txt",
			);
			runOnlyForDeploymentPostprocessing = 0;
			shellPath = /bin/sh;
			shellScript = "diff \"${PODS_PODFILE_DIR_PATH}/Podfile.lock\" \"${PODS_ROOT}/Manifest.lock\" > /dev/null\nif [ $? != 0 ] ; then\n    # print error to STDERR\n    echo \"error: The sandbox is not in sync with the Podfile.lock. Run 'pod install' or update your CocoaPods installation.\" >&2\n    exit 1\nfi\n# This output is used by Xcode 'outputs' to avoid re-running this script phase.\necho \"SUCCESS\" > \"${SCRIPT_OUTPUT_FILE_0}\"\n";
			showEnvVarsInLog = 0;
		};
		9CFCD5CB2A2C2EF682F9AF13 /* [CP] Check Pods Manifest.lock */ = {
			isa = PBXShellScriptBuildPhase;
			buildActionMask = 2147483647;
			files = (
			);
			inputFileListPaths = (
			);
			inputPaths = (
				"${PODS_PODFILE_DIR_PATH}/Podfile.lock",
				"${PODS_ROOT}/Manifest.lock",
			);
			name = "[CP] Check Pods Manifest.lock";
			outputFileListPaths = (
			);
			outputPaths = (
				"$(DERIVED_FILE_DIR)/Pods-RxComposableArchitectureDemo-checkManifestLockResult.txt",
			);
			runOnlyForDeploymentPostprocessing = 0;
			shellPath = /bin/sh;
			shellScript = "diff \"${PODS_PODFILE_DIR_PATH}/Podfile.lock\" \"${PODS_ROOT}/Manifest.lock\" > /dev/null\nif [ $? != 0 ] ; then\n    # print error to STDERR\n    echo \"error: The sandbox is not in sync with the Podfile.lock. Run 'pod install' or update your CocoaPods installation.\" >&2\n    exit 1\nfi\n# This output is used by Xcode 'outputs' to avoid re-running this script phase.\necho \"SUCCESS\" > \"${SCRIPT_OUTPUT_FILE_0}\"\n";
			showEnvVarsInLog = 0;
		};
		B19C95CC66BA701B3B0705EA /* [CP] Check Pods Manifest.lock */ = {
			isa = PBXShellScriptBuildPhase;
			buildActionMask = 2147483647;
			files = (
			);
			inputFileListPaths = (
			);
			inputPaths = (
				"${PODS_PODFILE_DIR_PATH}/Podfile.lock",
				"${PODS_ROOT}/Manifest.lock",
			);
			name = "[CP] Check Pods Manifest.lock";
			outputFileListPaths = (
			);
			outputPaths = (
				"$(DERIVED_FILE_DIR)/Pods-RxComposableArchitectureDemoTests-checkManifestLockResult.txt",
			);
			runOnlyForDeploymentPostprocessing = 0;
			shellPath = /bin/sh;
			shellScript = "diff \"${PODS_PODFILE_DIR_PATH}/Podfile.lock\" \"${PODS_ROOT}/Manifest.lock\" > /dev/null\nif [ $? != 0 ] ; then\n    # print error to STDERR\n    echo \"error: The sandbox is not in sync with the Podfile.lock. Run 'pod install' or update your CocoaPods installation.\" >&2\n    exit 1\nfi\n# This output is used by Xcode 'outputs' to avoid re-running this script phase.\necho \"SUCCESS\" > \"${SCRIPT_OUTPUT_FILE_0}\"\n";
			showEnvVarsInLog = 0;
		};
/* End PBXShellScriptBuildPhase section */

/* Begin PBXSourcesBuildPhase section */
		F8A0EDD52477D4B300184850 /* Sources */ = {
			isa = PBXSourcesBuildPhase;
			buildActionMask = 2147483647;
			files = (
				F87AD8A52478053200F6A577 /* AppState.swift in Sources */,
				F8A0EE002477D5CE00184850 /* ViewController.swift in Sources */,
				F8A0EDDD2477D4B300184850 /* AppDelegate.swift in Sources */,
			);
			runOnlyForDeploymentPostprocessing = 0;
		};
		F8A0EDEB2477D4B500184850 /* Sources */ = {
			isa = PBXSourcesBuildPhase;
			buildActionMask = 2147483647;
			files = (
				F8A0EDF42477D4B500184850 /* RxComposableArchitectureDemoTests.swift in Sources */,
			);
			runOnlyForDeploymentPostprocessing = 0;
		};
		F8A0EE032477D63900184850 /* Sources */ = {
			isa = PBXSourcesBuildPhase;
			buildActionMask = 2147483647;
			files = (
				F8A0EE2D2477D7AF00184850 /* Effect.swift in Sources */,
				F8A0EE2B2477D7AF00184850 /* Rx+extensions.swift in Sources */,
				F8A0EE2C2477D7AF00184850 /* ComposableArchitecture.swift in Sources */,
				F8A0EE2E2477D7AF00184850 /* Utils.swift in Sources */,
			);
			runOnlyForDeploymentPostprocessing = 0;
		};
		F8A0EE0B2477D63A00184850 /* Sources */ = {
			isa = PBXSourcesBuildPhase;
			buildActionMask = 2147483647;
			files = (
				F87AD8AC24781B8A00F6A577 /* ComposableArchitectureTestSupport.swift in Sources */,
			);
			runOnlyForDeploymentPostprocessing = 0;
		};
/* End PBXSourcesBuildPhase section */

/* Begin PBXTargetDependency section */
		F8A0EDF12477D4B500184850 /* PBXTargetDependency */ = {
			isa = PBXTargetDependency;
			target = F8A0EDD82477D4B300184850 /* RxComposableArchitectureDemo */;
			targetProxy = F8A0EDF02477D4B500184850 /* PBXContainerItemProxy */;
		};
		F8A0EE122477D63A00184850 /* PBXTargetDependency */ = {
			isa = PBXTargetDependency;
			target = F8A0EE062477D63900184850 /* RxComposableArchitecture */;
			targetProxy = F8A0EE112477D63A00184850 /* PBXContainerItemProxy */;
		};
		F8A0EE142477D63A00184850 /* PBXTargetDependency */ = {
			isa = PBXTargetDependency;
			target = F8A0EDD82477D4B300184850 /* RxComposableArchitectureDemo */;
			targetProxy = F8A0EE132477D63A00184850 /* PBXContainerItemProxy */;
		};
		F8A0EE1B2477D63A00184850 /* PBXTargetDependency */ = {
			isa = PBXTargetDependency;
			target = F8A0EE062477D63900184850 /* RxComposableArchitecture */;
			targetProxy = F8A0EE1A2477D63A00184850 /* PBXContainerItemProxy */;
		};
/* End PBXTargetDependency section */

/* Begin PBXVariantGroup section */
		F8A0EDE72477D4B500184850 /* LaunchScreen.storyboard */ = {
			isa = PBXVariantGroup;
			children = (
				F8A0EDE82477D4B500184850 /* Base */,
			);
			name = LaunchScreen.storyboard;
			sourceTree = "<group>";
		};
/* End PBXVariantGroup section */

/* Begin XCBuildConfiguration section */
		F8A0EDF62477D4B500184850 /* Debug */ = {
			isa = XCBuildConfiguration;
			buildSettings = {
				ALWAYS_SEARCH_USER_PATHS = NO;
				CLANG_ANALYZER_NONNULL = YES;
				CLANG_ANALYZER_NUMBER_OBJECT_CONVERSION = YES_AGGRESSIVE;
				CLANG_CXX_LANGUAGE_STANDARD = "gnu++14";
				CLANG_CXX_LIBRARY = "libc++";
				CLANG_ENABLE_MODULES = YES;
				CLANG_ENABLE_OBJC_ARC = YES;
				CLANG_ENABLE_OBJC_WEAK = YES;
				CLANG_WARN_BLOCK_CAPTURE_AUTORELEASING = YES;
				CLANG_WARN_BOOL_CONVERSION = YES;
				CLANG_WARN_COMMA = YES;
				CLANG_WARN_CONSTANT_CONVERSION = YES;
				CLANG_WARN_DEPRECATED_OBJC_IMPLEMENTATIONS = YES;
				CLANG_WARN_DIRECT_OBJC_ISA_USAGE = YES_ERROR;
				CLANG_WARN_DOCUMENTATION_COMMENTS = YES;
				CLANG_WARN_EMPTY_BODY = YES;
				CLANG_WARN_ENUM_CONVERSION = YES;
				CLANG_WARN_INFINITE_RECURSION = YES;
				CLANG_WARN_INT_CONVERSION = YES;
				CLANG_WARN_NON_LITERAL_NULL_CONVERSION = YES;
				CLANG_WARN_OBJC_IMPLICIT_RETAIN_SELF = YES;
				CLANG_WARN_OBJC_LITERAL_CONVERSION = YES;
				CLANG_WARN_OBJC_ROOT_CLASS = YES_ERROR;
				CLANG_WARN_RANGE_LOOP_ANALYSIS = YES;
				CLANG_WARN_STRICT_PROTOTYPES = YES;
				CLANG_WARN_SUSPICIOUS_MOVE = YES;
				CLANG_WARN_UNGUARDED_AVAILABILITY = YES_AGGRESSIVE;
				CLANG_WARN_UNREACHABLE_CODE = YES;
				CLANG_WARN__DUPLICATE_METHOD_MATCH = YES;
				COPY_PHASE_STRIP = NO;
				DEBUG_INFORMATION_FORMAT = dwarf;
				ENABLE_STRICT_OBJC_MSGSEND = YES;
				ENABLE_TESTABILITY = YES;
				GCC_C_LANGUAGE_STANDARD = gnu11;
				GCC_DYNAMIC_NO_PIC = NO;
				GCC_NO_COMMON_BLOCKS = YES;
				GCC_OPTIMIZATION_LEVEL = 0;
				GCC_PREPROCESSOR_DEFINITIONS = (
					"DEBUG=1",
					"$(inherited)",
				);
				GCC_WARN_64_TO_32_BIT_CONVERSION = YES;
				GCC_WARN_ABOUT_RETURN_TYPE = YES_ERROR;
				GCC_WARN_UNDECLARED_SELECTOR = YES;
				GCC_WARN_UNINITIALIZED_AUTOS = YES_AGGRESSIVE;
				GCC_WARN_UNUSED_FUNCTION = YES;
				GCC_WARN_UNUSED_VARIABLE = YES;
				IPHONEOS_DEPLOYMENT_TARGET = 10.0;
				MTL_ENABLE_DEBUG_INFO = INCLUDE_SOURCE;
				MTL_FAST_MATH = YES;
				ONLY_ACTIVE_ARCH = YES;
				SDKROOT = iphoneos;
				SWIFT_ACTIVE_COMPILATION_CONDITIONS = DEBUG;
				SWIFT_OPTIMIZATION_LEVEL = "-Onone";
			};
			name = Debug;
		};
		F8A0EDF72477D4B500184850 /* Release */ = {
			isa = XCBuildConfiguration;
			buildSettings = {
				ALWAYS_SEARCH_USER_PATHS = NO;
				CLANG_ANALYZER_NONNULL = YES;
				CLANG_ANALYZER_NUMBER_OBJECT_CONVERSION = YES_AGGRESSIVE;
				CLANG_CXX_LANGUAGE_STANDARD = "gnu++14";
				CLANG_CXX_LIBRARY = "libc++";
				CLANG_ENABLE_MODULES = YES;
				CLANG_ENABLE_OBJC_ARC = YES;
				CLANG_ENABLE_OBJC_WEAK = YES;
				CLANG_WARN_BLOCK_CAPTURE_AUTORELEASING = YES;
				CLANG_WARN_BOOL_CONVERSION = YES;
				CLANG_WARN_COMMA = YES;
				CLANG_WARN_CONSTANT_CONVERSION = YES;
				CLANG_WARN_DEPRECATED_OBJC_IMPLEMENTATIONS = YES;
				CLANG_WARN_DIRECT_OBJC_ISA_USAGE = YES_ERROR;
				CLANG_WARN_DOCUMENTATION_COMMENTS = YES;
				CLANG_WARN_EMPTY_BODY = YES;
				CLANG_WARN_ENUM_CONVERSION = YES;
				CLANG_WARN_INFINITE_RECURSION = YES;
				CLANG_WARN_INT_CONVERSION = YES;
				CLANG_WARN_NON_LITERAL_NULL_CONVERSION = YES;
				CLANG_WARN_OBJC_IMPLICIT_RETAIN_SELF = YES;
				CLANG_WARN_OBJC_LITERAL_CONVERSION = YES;
				CLANG_WARN_OBJC_ROOT_CLASS = YES_ERROR;
				CLANG_WARN_RANGE_LOOP_ANALYSIS = YES;
				CLANG_WARN_STRICT_PROTOTYPES = YES;
				CLANG_WARN_SUSPICIOUS_MOVE = YES;
				CLANG_WARN_UNGUARDED_AVAILABILITY = YES_AGGRESSIVE;
				CLANG_WARN_UNREACHABLE_CODE = YES;
				CLANG_WARN__DUPLICATE_METHOD_MATCH = YES;
				COPY_PHASE_STRIP = NO;
				DEBUG_INFORMATION_FORMAT = "dwarf-with-dsym";
				ENABLE_NS_ASSERTIONS = NO;
				ENABLE_STRICT_OBJC_MSGSEND = YES;
				GCC_C_LANGUAGE_STANDARD = gnu11;
				GCC_NO_COMMON_BLOCKS = YES;
				GCC_WARN_64_TO_32_BIT_CONVERSION = YES;
				GCC_WARN_ABOUT_RETURN_TYPE = YES_ERROR;
				GCC_WARN_UNDECLARED_SELECTOR = YES;
				GCC_WARN_UNINITIALIZED_AUTOS = YES_AGGRESSIVE;
				GCC_WARN_UNUSED_FUNCTION = YES;
				GCC_WARN_UNUSED_VARIABLE = YES;
				IPHONEOS_DEPLOYMENT_TARGET = 10.0;
				MTL_ENABLE_DEBUG_INFO = NO;
				MTL_FAST_MATH = YES;
				SDKROOT = iphoneos;
				SWIFT_COMPILATION_MODE = wholemodule;
				SWIFT_OPTIMIZATION_LEVEL = "-O";
				VALIDATE_PRODUCT = YES;
			};
			name = Release;
		};
		F8A0EDF92477D4B500184850 /* Debug */ = {
			isa = XCBuildConfiguration;
			baseConfigurationReference = 65444E6ADE613199674A6794 /* Pods-RxComposableArchitectureDemo.debug.xcconfig */;
			buildSettings = {
				ALWAYS_EMBED_SWIFT_STANDARD_LIBRARIES = YES;
				ASSETCATALOG_COMPILER_APPICON_NAME = AppIcon;
				CODE_SIGN_STYLE = Automatic;
				DEVELOPMENT_TEAM = XP6P798NUV;
				INFOPLIST_FILE = RxComposableArchitectureDemo/Info.plist;
				LD_RUNPATH_SEARCH_PATHS = (
					"$(inherited)",
					"@executable_path/Frameworks",
				);
				PRODUCT_BUNDLE_IDENTIFIER = com.jrbordet.RxComposableArchitectureDemo;
				PRODUCT_NAME = "$(TARGET_NAME)";
				SWIFT_VERSION = 5.0;
				TARGETED_DEVICE_FAMILY = "1,2";
			};
			name = Debug;
		};
		F8A0EDFA2477D4B500184850 /* Release */ = {
			isa = XCBuildConfiguration;
			baseConfigurationReference = 3CB12965A88793855F869689 /* Pods-RxComposableArchitectureDemo.release.xcconfig */;
			buildSettings = {
				ALWAYS_EMBED_SWIFT_STANDARD_LIBRARIES = YES;
				ASSETCATALOG_COMPILER_APPICON_NAME = AppIcon;
				CODE_SIGN_STYLE = Automatic;
				DEVELOPMENT_TEAM = XP6P798NUV;
				INFOPLIST_FILE = RxComposableArchitectureDemo/Info.plist;
				LD_RUNPATH_SEARCH_PATHS = (
					"$(inherited)",
					"@executable_path/Frameworks",
				);
				PRODUCT_BUNDLE_IDENTIFIER = com.jrbordet.RxComposableArchitectureDemo;
				PRODUCT_NAME = "$(TARGET_NAME)";
				SWIFT_VERSION = 5.0;
				TARGETED_DEVICE_FAMILY = "1,2";
			};
			name = Release;
		};
		F8A0EDFC2477D4B500184850 /* Debug */ = {
			isa = XCBuildConfiguration;
			baseConfigurationReference = F28DB273800881F05302E173 /* Pods-RxComposableArchitectureDemoTests.debug.xcconfig */;
			buildSettings = {
				ALWAYS_EMBED_SWIFT_STANDARD_LIBRARIES = YES;
				BUNDLE_LOADER = "$(TEST_HOST)";
				CODE_SIGN_STYLE = Automatic;
				DEVELOPMENT_TEAM = XP6P798NUV;
				INFOPLIST_FILE = RxComposableArchitectureDemoTests/Info.plist;
				IPHONEOS_DEPLOYMENT_TARGET = 13.2;
				LD_RUNPATH_SEARCH_PATHS = (
					"$(inherited)",
					"@executable_path/Frameworks",
					"@loader_path/Frameworks",
				);
				PRODUCT_BUNDLE_IDENTIFIER = com.jrbordet.RxComposableArchitectureDemoTests;
				PRODUCT_NAME = "$(TARGET_NAME)";
				SWIFT_VERSION = 5.0;
				TARGETED_DEVICE_FAMILY = "1,2";
				TEST_HOST = "$(BUILT_PRODUCTS_DIR)/RxComposableArchitectureDemo.app/RxComposableArchitectureDemo";
			};
			name = Debug;
		};
		F8A0EDFD2477D4B500184850 /* Release */ = {
			isa = XCBuildConfiguration;
			baseConfigurationReference = C6A76C4F23A19540EAB3FD80 /* Pods-RxComposableArchitectureDemoTests.release.xcconfig */;
			buildSettings = {
				ALWAYS_EMBED_SWIFT_STANDARD_LIBRARIES = YES;
				BUNDLE_LOADER = "$(TEST_HOST)";
				CODE_SIGN_STYLE = Automatic;
				DEVELOPMENT_TEAM = XP6P798NUV;
				INFOPLIST_FILE = RxComposableArchitectureDemoTests/Info.plist;
				IPHONEOS_DEPLOYMENT_TARGET = 13.2;
				LD_RUNPATH_SEARCH_PATHS = (
					"$(inherited)",
					"@executable_path/Frameworks",
					"@loader_path/Frameworks",
				);
				PRODUCT_BUNDLE_IDENTIFIER = com.jrbordet.RxComposableArchitectureDemoTests;
				PRODUCT_NAME = "$(TARGET_NAME)";
				SWIFT_VERSION = 5.0;
				TARGETED_DEVICE_FAMILY = "1,2";
				TEST_HOST = "$(BUILT_PRODUCTS_DIR)/RxComposableArchitectureDemo.app/RxComposableArchitectureDemo";
			};
			name = Release;
		};
		F8A0EE1F2477D63A00184850 /* Debug */ = {
			isa = XCBuildConfiguration;
			baseConfigurationReference = 14D9536BB7D10BEB15383AA6 /* Pods-RxComposableArchitecture.debug.xcconfig */;
			buildSettings = {
				CODE_SIGN_STYLE = Automatic;
				CURRENT_PROJECT_VERSION = 1;
				DEFINES_MODULE = YES;
				DEVELOPMENT_TEAM = XP6P798NUV;
				DYLIB_COMPATIBILITY_VERSION = 1;
				DYLIB_CURRENT_VERSION = 1;
				DYLIB_INSTALL_NAME_BASE = "@rpath";
				INFOPLIST_FILE = RxComposableArchitecture/Info.plist;
				INSTALL_PATH = "$(LOCAL_LIBRARY_DIR)/Frameworks";
				IPHONEOS_DEPLOYMENT_TARGET = 10.0;
				LD_RUNPATH_SEARCH_PATHS = (
					"$(inherited)",
					"@executable_path/Frameworks",
					"@loader_path/Frameworks",
				);
				PRODUCT_BUNDLE_IDENTIFIER = com.jrbordet.RxComposableArchitecture;
				PRODUCT_NAME = "$(TARGET_NAME:c99extidentifier)";
				SKIP_INSTALL = YES;
				SWIFT_VERSION = 5.0;
				TARGETED_DEVICE_FAMILY = "1,2";
				VERSIONING_SYSTEM = "apple-generic";
				VERSION_INFO_PREFIX = "";
			};
			name = Debug;
		};
		F8A0EE202477D63A00184850 /* Release */ = {
			isa = XCBuildConfiguration;
			baseConfigurationReference = 8100B4794C3A0FE8D06C82EF /* Pods-RxComposableArchitecture.release.xcconfig */;
			buildSettings = {
				CODE_SIGN_STYLE = Automatic;
				CURRENT_PROJECT_VERSION = 1;
				DEFINES_MODULE = YES;
				DEVELOPMENT_TEAM = XP6P798NUV;
				DYLIB_COMPATIBILITY_VERSION = 1;
				DYLIB_CURRENT_VERSION = 1;
				DYLIB_INSTALL_NAME_BASE = "@rpath";
				INFOPLIST_FILE = RxComposableArchitecture/Info.plist;
				INSTALL_PATH = "$(LOCAL_LIBRARY_DIR)/Frameworks";
				IPHONEOS_DEPLOYMENT_TARGET = 10.0;
				LD_RUNPATH_SEARCH_PATHS = (
					"$(inherited)",
					"@executable_path/Frameworks",
					"@loader_path/Frameworks",
				);
				PRODUCT_BUNDLE_IDENTIFIER = com.jrbordet.RxComposableArchitecture;
				PRODUCT_NAME = "$(TARGET_NAME:c99extidentifier)";
				SKIP_INSTALL = YES;
				SWIFT_VERSION = 5.0;
				TARGETED_DEVICE_FAMILY = "1,2";
				VERSIONING_SYSTEM = "apple-generic";
				VERSION_INFO_PREFIX = "";
			};
			name = Release;
		};
		F8A0EE232477D63A00184850 /* Debug */ = {
			isa = XCBuildConfiguration;
			baseConfigurationReference = 878FB3E489F6A1A04035D2B0 /* Pods-RxComposableArchitecture-RxComposableArchitectureTests.debug.xcconfig */;
			buildSettings = {
				ALWAYS_EMBED_SWIFT_STANDARD_LIBRARIES = YES;
				CODE_SIGN_STYLE = Automatic;
				DEVELOPMENT_TEAM = XP6P798NUV;
				INFOPLIST_FILE = RxComposableArchitectureTests/Info.plist;
				IPHONEOS_DEPLOYMENT_TARGET = 13.2;
				LD_RUNPATH_SEARCH_PATHS = (
					"$(inherited)",
					"@executable_path/Frameworks",
					"@loader_path/Frameworks",
				);
				PRODUCT_BUNDLE_IDENTIFIER = com.jrbordet.RxComposableArchitectureTests;
				PRODUCT_NAME = "$(TARGET_NAME)";
				SWIFT_VERSION = 5.0;
				TARGETED_DEVICE_FAMILY = "1,2";
				TEST_HOST = "$(BUILT_PRODUCTS_DIR)/RxComposableArchitectureDemo.app/RxComposableArchitectureDemo";
			};
			name = Debug;
		};
		F8A0EE242477D63A00184850 /* Release */ = {
			isa = XCBuildConfiguration;
			baseConfigurationReference = 463A67E2E1E66C5A5F6D34EB /* Pods-RxComposableArchitecture-RxComposableArchitectureTests.release.xcconfig */;
			buildSettings = {
				ALWAYS_EMBED_SWIFT_STANDARD_LIBRARIES = YES;
				CODE_SIGN_STYLE = Automatic;
				DEVELOPMENT_TEAM = XP6P798NUV;
				INFOPLIST_FILE = RxComposableArchitectureTests/Info.plist;
				IPHONEOS_DEPLOYMENT_TARGET = 13.2;
				LD_RUNPATH_SEARCH_PATHS = (
					"$(inherited)",
					"@executable_path/Frameworks",
					"@loader_path/Frameworks",
				);
				PRODUCT_BUNDLE_IDENTIFIER = com.jrbordet.RxComposableArchitectureTests;
				PRODUCT_NAME = "$(TARGET_NAME)";
				SWIFT_VERSION = 5.0;
				TARGETED_DEVICE_FAMILY = "1,2";
				TEST_HOST = "$(BUILT_PRODUCTS_DIR)/RxComposableArchitectureDemo.app/RxComposableArchitectureDemo";
			};
			name = Release;
		};
/* End XCBuildConfiguration section */

/* Begin XCConfigurationList section */
		F8A0EDD42477D4B300184850 /* Build configuration list for PBXProject "RxComposableArchitectureDemo" */ = {
			isa = XCConfigurationList;
			buildConfigurations = (
				F8A0EDF62477D4B500184850 /* Debug */,
				F8A0EDF72477D4B500184850 /* Release */,
			);
			defaultConfigurationIsVisible = 0;
			defaultConfigurationName = Release;
		};
		F8A0EDF82477D4B500184850 /* Build configuration list for PBXNativeTarget "RxComposableArchitectureDemo" */ = {
			isa = XCConfigurationList;
			buildConfigurations = (
				F8A0EDF92477D4B500184850 /* Debug */,
				F8A0EDFA2477D4B500184850 /* Release */,
			);
			defaultConfigurationIsVisible = 0;
			defaultConfigurationName = Release;
		};
		F8A0EDFB2477D4B500184850 /* Build configuration list for PBXNativeTarget "RxComposableArchitectureDemoTests" */ = {
			isa = XCConfigurationList;
			buildConfigurations = (
				F8A0EDFC2477D4B500184850 /* Debug */,
				F8A0EDFD2477D4B500184850 /* Release */,
			);
			defaultConfigurationIsVisible = 0;
			defaultConfigurationName = Release;
		};
		F8A0EE1E2477D63A00184850 /* Build configuration list for PBXNativeTarget "RxComposableArchitecture" */ = {
			isa = XCConfigurationList;
			buildConfigurations = (
				F8A0EE1F2477D63A00184850 /* Debug */,
				F8A0EE202477D63A00184850 /* Release */,
			);
			defaultConfigurationIsVisible = 0;
			defaultConfigurationName = Release;
		};
		F8A0EE222477D63A00184850 /* Build configuration list for PBXNativeTarget "RxComposableArchitectureTests" */ = {
			isa = XCConfigurationList;
			buildConfigurations = (
				F8A0EE232477D63A00184850 /* Debug */,
				F8A0EE242477D63A00184850 /* Release */,
			);
			defaultConfigurationIsVisible = 0;
			defaultConfigurationName = Release;
		};
/* End XCConfigurationList section */
	};
	rootObject = F8A0EDD12477D4B300184850 /* Project object */;
}
